
Microsoft Visual Studio Solution File, Format Version 12.00
# Visual Studio Version 17
VisualStudioVersion = 17.13.35919.96 d17.13
MinimumVisualStudioVersion = 10.0.40219.1
Project("{FAE04EC0-301F-11D3-BF4B-00C04F79EFBC}") = "Banking", "Banking\Banking.csproj", "{5E4F5844-379E-45F2-8BB5-FB4AD22E8B1E}"
EndProject
Global
	GlobalSection(SolutionConfigurationPlatforms) = preSolution
		Debug|Any CPU = Debug|Any CPU
		Release|Any CPU = Release|Any CPU
	EndGlobalSection
	GlobalSection(ProjectConfigurationPlatforms) = postSolution
		{5E4F5844-379E-45F2-8BB5-FB4AD22E8B1E}.Debug|Any CPU.ActiveCfg = Debug|Any CPU
		{5E4F5844-379E-45F2-8BB5-FB4AD22E8B1E}.Debug|Any CPU.Build.0 = Debug|Any CPU
		{5E4F5844-379E-45F2-8BB5-FB4AD22E8B1E}.Release|Any CPU.ActiveCfg = Release|Any CPU
		{5E4F5844-379E-45F2-8BB5-FB4AD22E8B1E}.Release|Any CPU.Build.0 = Release|Any CPU
	EndGlobalSection
	GlobalSection(SolutionProperties) = preSolution
		HideSolutionNode = FALSE
	EndGlobalSection
	GlobalSection(ExtensibilityGlobals) = postSolution
		SolutionGuid = {94CD0FE5-C53A-46FE-939E-58AA0CE2BA28}
	EndGlobalSection
EndGlobal
